PODS:
  - ChameleonFramework (2.1.0):
    - ChameleonFramework/Default (= 2.1.0)
  - ChameleonFramework/Default (2.1.0)
  - DZNEmptyDataSet (1.8.1)
  - JSQMessagesViewController (7.3.4):
    - JSQSystemSoundPlayer (~> 2.0.1)
  - JSQSystemSoundPlayer (2.0.1)
  - Presentr (1.1.0)

DEPENDENCIES:
  - ChameleonFramework
  - DZNEmptyDataSet
  - JSQMessagesViewController
  - Presentr

SPEC CHECKSUMS:
  ChameleonFramework: d21a3cc247abfe5e37609a283a8238b03575cf64
  DZNEmptyDataSet: 9525833b9e68ac21c30253e1d3d7076cc828eaa7
  JSQMessagesViewController: 39fed975e3c9f8eba7292071e29eeb541d105e66
  JSQSystemSoundPlayer: c5850e77a4363ffd374cd851154b9af93264ed8d
  Presentr: e73439be1cba3ad0651b18c58d77238bbacce59c

PODFILE CHECKSUM: 6bab6fa4d3456cbf43c444aa30a62b1c42ff717a

COCOAPODS: 1.1.1
