// !$*UTF8*$!
{
	archiveVersion = 1;
	classes = {
	};
	objectVersion = 46;
	objects = {

/* Begin PBXBuildFile section */
		0CA9D3A4A762F46A7C106294 /* Pods_TenderTests.framework in Frameworks */ = {isa = PBXBuildFile; fileRef = C769C1CB20FA5B54803820A9 /* Pods_TenderTests.framework */; };
		9E38DEDE4A227D3EE80CE57E /* Pods_Tender.framework in Frameworks */ = {isa = PBXBuildFile; fileRef = 3D033B0E5BF5AC3718312CBE /* Pods_Tender.framework */; };
		9E6DF9BE1E37208100974A59 /* AppDelegate.swift in Sources */ = {isa = PBXBuildFile; fileRef = 9E6DF9BD1E37208100974A59 /* AppDelegate.swift */; };
		9E6DF9C51E37208100974A59 /* Main.storyboard in Resources */ = {isa = PBXBuildFile; fileRef = 9E6DF9C31E37208100974A59 /* Main.storyboard */; };
		9E6DF9C71E37208100974A59 /* Assets.xcassets in Resources */ = {isa = PBXBuildFile; fileRef = 9E6DF9C61E37208100974A59 /* Assets.xcassets */; };
		9E6DF9CA1E37208100974A59 /* LaunchScreen.storyboard in Resources */ = {isa = PBXBuildFile; fileRef = 9E6DF9C81E37208100974A59 /* LaunchScreen.storyboard */; };
		9E6DF9D51E37208100974A59 /* TenderTests.swift in Sources */ = {isa = PBXBuildFile; fileRef = 9E6DF9D41E37208100974A59 /* TenderTests.swift */; };
		9E6DF9E01E37208100974A59 /* TenderUITests.swift in Sources */ = {isa = PBXBuildFile; fileRef = 9E6DF9DF1E37208100974A59 /* TenderUITests.swift */; };
		9E6DF9F41E37210300974A59 /* HomeTableViewController.swift in Sources */ = {isa = PBXBuildFile; fileRef = 9E6DF9F31E37210300974A59 /* HomeTableViewController.swift */; };
		9E6DF9F81E37212C00974A59 /* ItemTableViewCell.swift in Sources */ = {isa = PBXBuildFile; fileRef = 9E6DF9F61E37212C00974A59 /* ItemTableViewCell.swift */; };
		9E6DF9F91E37212C00974A59 /* ItemTableViewCell.xib in Resources */ = {isa = PBXBuildFile; fileRef = 9E6DF9F71E37212C00974A59 /* ItemTableViewCell.xib */; };
		9E6DF9FE1E37215900974A59 /* CategoryTableViewCell.swift in Sources */ = {isa = PBXBuildFile; fileRef = 9E6DF9FC1E37215900974A59 /* CategoryTableViewCell.swift */; };
		9E6DF9FF1E37215900974A59 /* CategoryTableViewCell.xib in Resources */ = {isa = PBXBuildFile; fileRef = 9E6DF9FD1E37215900974A59 /* CategoryTableViewCell.xib */; };
		9E6DFA1B1E37227000974A59 /* Gotham-Black.otf in Resources */ = {isa = PBXBuildFile; fileRef = 9E6DFA001E37224800974A59 /* Gotham-Black.otf */; };
		9E6DFA1C1E37227000974A59 /* Gotham-Black.ttf in Resources */ = {isa = PBXBuildFile; fileRef = 9E6DFA011E37224800974A59 /* Gotham-Black.ttf */; };
		9E6DFA1D1E37227000974A59 /* Gotham-BlackItalic.otf in Resources */ = {isa = PBXBuildFile; fileRef = 9E6DFA021E37224800974A59 /* Gotham-BlackItalic.otf */; };
		9E6DFA1E1E37227000974A59 /* Gotham-BlackItalic.ttf in Resources */ = {isa = PBXBuildFile; fileRef = 9E6DFA031E37224800974A59 /* Gotham-BlackItalic.ttf */; };
		9E6DFA1F1E37227000974A59 /* Gotham-Bold.otf in Resources */ = {isa = PBXBuildFile; fileRef = 9E6DFA041E37224800974A59 /* Gotham-Bold.otf */; };
		9E6DFA201E37227000974A59 /* Gotham-Bold.ttf in Resources */ = {isa = PBXBuildFile; fileRef = 9E6DFA051E37224800974A59 /* Gotham-Bold.ttf */; };
		9E6DFA211E37227000974A59 /* Gotham-BoldItalic.otf in Resources */ = {isa = PBXBuildFile; fileRef = 9E6DFA061E37224800974A59 /* Gotham-BoldItalic.otf */; };
		9E6DFA221E37227000974A59 /* Gotham-BoldItalic.ttf in Resources */ = {isa = PBXBuildFile; fileRef = 9E6DFA071E37224800974A59 /* Gotham-BoldItalic.ttf */; };
		9E6DFA231E37227000974A59 /* Gotham-Book.otf in Resources */ = {isa = PBXBuildFile; fileRef = 9E6DFA081E37224800974A59 /* Gotham-Book.otf */; };
		9E6DFA241E37227000974A59 /* Gotham-Book.ttf in Resources */ = {isa = PBXBuildFile; fileRef = 9E6DFA091E37224800974A59 /* Gotham-Book.ttf */; };
		9E6DFA251E37227000974A59 /* Gotham-BookItalic.otf in Resources */ = {isa = PBXBuildFile; fileRef = 9E6DFA0A1E37224800974A59 /* Gotham-BookItalic.otf */; };
		9E6DFA261E37227000974A59 /* Gotham-BookItalic.ttf in Resources */ = {isa = PBXBuildFile; fileRef = 9E6DFA0B1E37224800974A59 /* Gotham-BookItalic.ttf */; };
		9E6DFA271E37227000974A59 /* Gotham-Light.otf in Resources */ = {isa = PBXBuildFile; fileRef = 9E6DFA0C1E37224800974A59 /* Gotham-Light.otf */; };
		9E6DFA281E37227000974A59 /* Gotham-Light.ttf in Resources */ = {isa = PBXBuildFile; fileRef = 9E6DFA0D1E37224800974A59 /* Gotham-Light.ttf */; };
		9E6DFA291E37227000974A59 /* Gotham-LightItalic.otf in Resources */ = {isa = PBXBuildFile; fileRef = 9E6DFA0E1E37224800974A59 /* Gotham-LightItalic.otf */; };
		9E6DFA2A1E37227000974A59 /* Gotham-LightItalic.ttf in Resources */ = {isa = PBXBuildFile; fileRef = 9E6DFA0F1E37224800974A59 /* Gotham-LightItalic.ttf */; };
		9E6DFA2B1E37227000974A59 /* Gotham-Medium.otf in Resources */ = {isa = PBXBuildFile; fileRef = 9E6DFA101E37224800974A59 /* Gotham-Medium.otf */; };
		9E6DFA2C1E37227000974A59 /* Gotham-Medium.ttf in Resources */ = {isa = PBXBuildFile; fileRef = 9E6DFA111E37224800974A59 /* Gotham-Medium.ttf */; };
		9E6DFA2D1E37227000974A59 /* Gotham-MediumItalic.otf in Resources */ = {isa = PBXBuildFile; fileRef = 9E6DFA121E37224800974A59 /* Gotham-MediumItalic.otf */; };
		9E6DFA2E1E37227000974A59 /* Gotham-MediumItalic.ttf in Resources */ = {isa = PBXBuildFile; fileRef = 9E6DFA131E37224800974A59 /* Gotham-MediumItalic.ttf */; };
		9E6DFA2F1E37227000974A59 /* Gotham-MSN-NarrowBold.ttf in Resources */ = {isa = PBXBuildFile; fileRef = 9E6DFA141E37224800974A59 /* Gotham-MSN-NarrowBold.ttf */; };
		9E6DFA301E37227000974A59 /* Gotham-MSN-NarrowBook.ttf in Resources */ = {isa = PBXBuildFile; fileRef = 9E6DFA151E37224800974A59 /* Gotham-MSN-NarrowBook.ttf */; };
		9E6DFA311E37227000974A59 /* Gotham-Thin.otf in Resources */ = {isa = PBXBuildFile; fileRef = 9E6DFA161E37224800974A59 /* Gotham-Thin.otf */; };
		9E6DFA321E37227000974A59 /* Gotham-Thin.ttf in Resources */ = {isa = PBXBuildFile; fileRef = 9E6DFA171E37224800974A59 /* Gotham-Thin.ttf */; };
		9E6DFA331E37227000974A59 /* Gotham-ThinItalic.otf in Resources */ = {isa = PBXBuildFile; fileRef = 9E6DFA181E37224800974A59 /* Gotham-ThinItalic.otf */; };
		9E6DFA341E37227000974A59 /* Gotham-ThinItalic.ttf in Resources */ = {isa = PBXBuildFile; fileRef = 9E6DFA191E37224800974A59 /* Gotham-ThinItalic.ttf */; };
		9E6DFA3E1E372A8F00974A59 /* PostDetailTableViewController.swift in Sources */ = {isa = PBXBuildFile; fileRef = 9E6DFA3D1E372A8F00974A59 /* PostDetailTableViewController.swift */; };
		9E6DFA421E372C0600974A59 /* PostTableViewCell.swift in Sources */ = {isa = PBXBuildFile; fileRef = 9E6DFA411E372C0600974A59 /* PostTableViewCell.swift */; };
		9E6DFA451E372FBB00974A59 /* ProfileTableViewCell.swift in Sources */ = {isa = PBXBuildFile; fileRef = 9E6DFA431E372FBB00974A59 /* ProfileTableViewCell.swift */; };
		9E6DFA461E372FBB00974A59 /* ProfileTableViewCell.xib in Resources */ = {isa = PBXBuildFile; fileRef = 9E6DFA441E372FBB00974A59 /* ProfileTableViewCell.xib */; };
		9EA6F1841E37C2E500461C12 /* ProfileViewController.swift in Sources */ = {isa = PBXBuildFile; fileRef = 9EA6F1831E37C2E500461C12 /* ProfileViewController.swift */; };
		9EA6F1911E38537200461C12 /* PostViewController.swift in Sources */ = {isa = PBXBuildFile; fileRef = 9EA6F1901E38537200461C12 /* PostViewController.swift */; };
		9EA6F1931E38761F00461C12 /* SegmentTableViewController.swift in Sources */ = {isa = PBXBuildFile; fileRef = 9EA6F1921E38761F00461C12 /* SegmentTableViewController.swift */; };
		9EA6F1951E387C8800461C12 /* NotificationTableViewController.swift in Sources */ = {isa = PBXBuildFile; fileRef = 9EA6F1941E387C8800461C12 /* NotificationTableViewController.swift */; };
		9EA6F1981E387CC400461C12 /* NotificationTableViewCell.swift in Sources */ = {isa = PBXBuildFile; fileRef = 9EA6F1961E387CC400461C12 /* NotificationTableViewCell.swift */; };
		9EA6F19F1E39804600461C12 /* ChatViewController.swift in Sources */ = {isa = PBXBuildFile; fileRef = 9EA6F19E1E39804600461C12 /* ChatViewController.swift */; };
		9EA6F1A11E39C1BD00461C12 /* CategoryTableViewController.swift in Sources */ = {isa = PBXBuildFile; fileRef = 9EA6F1A01E39C1BD00461C12 /* CategoryTableViewController.swift */; };
		9EA6F1A41E39CEE600461C12 /* Item.swift in Sources */ = {isa = PBXBuildFile; fileRef = 9EA6F1A31E39CEE600461C12 /* Item.swift */; };
		9EA6F1A61E39CEF000461C12 /* User.swift in Sources */ = {isa = PBXBuildFile; fileRef = 9EA6F1A51E39CEF000461C12 /* User.swift */; };
		9EA6F1A81E39CF0100461C12 /* Message.swift in Sources */ = {isa = PBXBuildFile; fileRef = 9EA6F1A71E39CF0100461C12 /* Message.swift */; };
		9EA6F1AB1E3A5F9700461C12 /* HistoryTableViewCell.swift in Sources */ = {isa = PBXBuildFile; fileRef = 9EA6F1A91E3A5F9700461C12 /* HistoryTableViewCell.swift */; };
		9EA6F1AC1E3A5F9700461C12 /* HistoryTableViewCell.xib in Resources */ = {isa = PBXBuildFile; fileRef = 9EA6F1AA1E3A5F9700461C12 /* HistoryTableViewCell.xib */; };
		9EA6F1AF1E3A6B3800461C12 /* LargeCategoryTableViewCell.swift in Sources */ = {isa = PBXBuildFile; fileRef = 9EA6F1AD1E3A6B3800461C12 /* LargeCategoryTableViewCell.swift */; };
		9EA6F1B01E3A6B3800461C12 /* LargeCategoryTableViewCell.xib in Resources */ = {isa = PBXBuildFile; fileRef = 9EA6F1AE1E3A6B3800461C12 /* LargeCategoryTableViewCell.xib */; };
		9EA6F1B21E3A7A7B00461C12 /* ServiceViewController.swift in Sources */ = {isa = PBXBuildFile; fileRef = 9EA6F1B11E3A7A7B00461C12 /* ServiceViewController.swift */; };
		9EA6F1B41E3AF3E100461C12 /* TransferViewController.swift in Sources */ = {isa = PBXBuildFile; fileRef = 9EA6F1B31E3AF3E100461C12 /* TransferViewController.swift */; };
		9EA6F1B61E3B052E00461C12 /* TransferPostViewController.swift in Sources */ = {isa = PBXBuildFile; fileRef = 9EA6F1B51E3B052E00461C12 /* TransferPostViewController.swift */; };
		9EA6F1B81E3B121100461C12 /* HistoryTableViewController.swift in Sources */ = {isa = PBXBuildFile; fileRef = 9EA6F1B71E3B121100461C12 /* HistoryTableViewController.swift */; };
		9EA6F1BA1E3B18F000461C12 /* Test.xcassets in Resources */ = {isa = PBXBuildFile; fileRef = 9EA6F1B91E3B18F000461C12 /* Test.xcassets */; };
		AFA20176EE00A0A76961440E /* Pods_TenderUITests.framework in Frameworks */ = {isa = PBXBuildFile; fileRef = A128F898521FA6A0447E23AC /* Pods_TenderUITests.framework */; };
/* End PBXBuildFile section */

/* Begin PBXContainerItemProxy section */
		9E6DF9D11E37208100974A59 /* PBXContainerItemProxy */ = {
			isa = PBXContainerItemProxy;
			containerPortal = 9E6DF9B21E37208000974A59 /* Project object */;
			proxyType = 1;
			remoteGlobalIDString = 9E6DF9B91E37208000974A59;
			remoteInfo = Tender;
		};
		9E6DF9DC1E37208100974A59 /* PBXContainerItemProxy */ = {
			isa = PBXContainerItemProxy;
			containerPortal = 9E6DF9B21E37208000974A59 /* Project object */;
			proxyType = 1;
			remoteGlobalIDString = 9E6DF9B91E37208000974A59;
			remoteInfo = Tender;
		};
/* End PBXContainerItemProxy section */

/* Begin PBXFileReference section */
		0CC38E1FEB1AE97EBF140A78 /* Pods-TenderUITests.release.xcconfig */ = {isa = PBXFileReference; includeInIndex = 1; lastKnownFileType = text.xcconfig; name = "Pods-TenderUITests.release.xcconfig"; path = "Pods/Target Support Files/Pods-TenderUITests/Pods-TenderUITests.release.xcconfig"; sourceTree = "<group>"; };
		1B6EC2878CA2BF947E5D240A /* Pods-Tender.debug.xcconfig */ = {isa = PBXFileReference; includeInIndex = 1; lastKnownFileType = text.xcconfig; name = "Pods-Tender.debug.xcconfig"; path = "Pods/Target Support Files/Pods-Tender/Pods-Tender.debug.xcconfig"; sourceTree = "<group>"; };
		38DC114502BD1D65651CBF93 /* Pods-TenderUITests.debug.xcconfig */ = {isa = PBXFileReference; includeInIndex = 1; lastKnownFileType = text.xcconfig; name = "Pods-TenderUITests.debug.xcconfig"; path = "Pods/Target Support Files/Pods-TenderUITests/Pods-TenderUITests.debug.xcconfig"; sourceTree = "<group>"; };
		3D033B0E5BF5AC3718312CBE /* Pods_Tender.framework */ = {isa = PBXFileReference; explicitFileType = wrapper.framework; includeInIndex = 0; path = Pods_Tender.framework; sourceTree = BUILT_PRODUCTS_DIR; };
		7DB2DF004F54A67E725CE762 /* Pods-TenderTests.release.xcconfig */ = {isa = PBXFileReference; includeInIndex = 1; lastKnownFileType = text.xcconfig; name = "Pods-TenderTests.release.xcconfig"; path = "Pods/Target Support Files/Pods-TenderTests/Pods-TenderTests.release.xcconfig"; sourceTree = "<group>"; };
		9E6DF9BA1E37208100974A59 /* Tender.app */ = {isa = PBXFileReference; explicitFileType = wrapper.application; includeInIndex = 0; path = Tender.app; sourceTree = BUILT_PRODUCTS_DIR; };
		9E6DF9BD1E37208100974A59 /* AppDelegate.swift */ = {isa = PBXFileReference; lastKnownFileType = sourcecode.swift; path = AppDelegate.swift; sourceTree = "<group>"; };
		9E6DF9C41E37208100974A59 /* Base */ = {isa = PBXFileReference; lastKnownFileType = file.storyboard; name = Base; path = Base.lproj/Main.storyboard; sourceTree = "<group>"; };
		9E6DF9C61E37208100974A59 /* Assets.xcassets */ = {isa = PBXFileReference; lastKnownFileType = folder.assetcatalog; path = Assets.xcassets; sourceTree = "<group>"; };
		9E6DF9C91E37208100974A59 /* Base */ = {isa = PBXFileReference; lastKnownFileType = file.storyboard; name = Base; path = Base.lproj/LaunchScreen.storyboard; sourceTree = "<group>"; };
		9E6DF9CB1E37208100974A59 /* Info.plist */ = {isa = PBXFileReference; lastKnownFileType = text.plist.xml; path = Info.plist; sourceTree = "<group>"; };
		9E6DF9D01E37208100974A59 /* TenderTests.xctest */ = {isa = PBXFileReference; explicitFileType = wrapper.cfbundle; includeInIndex = 0; path = TenderTests.xctest; sourceTree = BUILT_PRODUCTS_DIR; };
		9E6DF9D41E37208100974A59 /* TenderTests.swift */ = {isa = PBXFileReference; lastKnownFileType = sourcecode.swift; path = TenderTests.swift; sourceTree = "<group>"; };
		9E6DF9D61E37208100974A59 /* Info.plist */ = {isa = PBXFileReference; lastKnownFileType = text.plist.xml; path = Info.plist; sourceTree = "<group>"; };
		9E6DF9DB1E37208100974A59 /* TenderUITests.xctest */ = {isa = PBXFileReference; explicitFileType = wrapper.cfbundle; includeInIndex = 0; path = TenderUITests.xctest; sourceTree = BUILT_PRODUCTS_DIR; };
		9E6DF9DF1E37208100974A59 /* TenderUITests.swift */ = {isa = PBXFileReference; lastKnownFileType = sourcecode.swift; path = TenderUITests.swift; sourceTree = "<group>"; };
		9E6DF9E11E37208100974A59 /* Info.plist */ = {isa = PBXFileReference; lastKnownFileType = text.plist.xml; path = Info.plist; sourceTree = "<group>"; };
		9E6DF9F31E37210300974A59 /* HomeTableViewController.swift */ = {isa = PBXFileReference; fileEncoding = 4; lastKnownFileType = sourcecode.swift; path = HomeTableViewController.swift; sourceTree = "<group>"; };
		9E6DF9F61E37212C00974A59 /* ItemTableViewCell.swift */ = {isa = PBXFileReference; fileEncoding = 4; lastKnownFileType = sourcecode.swift; path = ItemTableViewCell.swift; sourceTree = "<group>"; };
		9E6DF9F71E37212C00974A59 /* ItemTableViewCell.xib */ = {isa = PBXFileReference; fileEncoding = 4; lastKnownFileType = file.xib; path = ItemTableViewCell.xib; sourceTree = "<group>"; };
		9E6DF9FC1E37215900974A59 /* CategoryTableViewCell.swift */ = {isa = PBXFileReference; fileEncoding = 4; lastKnownFileType = sourcecode.swift; path = CategoryTableViewCell.swift; sourceTree = "<group>"; };
		9E6DF9FD1E37215900974A59 /* CategoryTableViewCell.xib */ = {isa = PBXFileReference; fileEncoding = 4; lastKnownFileType = file.xib; path = CategoryTableViewCell.xib; sourceTree = "<group>"; };
		9E6DFA001E37224800974A59 /* Gotham-Black.otf */ = {isa = PBXFileReference; lastKnownFileType = file; name = "Gotham-Black.otf"; path = "Font/Gotham-Black.otf"; sourceTree = "<group>"; };
		9E6DFA011E37224800974A59 /* Gotham-Black.ttf */ = {isa = PBXFileReference; lastKnownFileType = file; name = "Gotham-Black.ttf"; path = "Font/Gotham-Black.ttf"; sourceTree = "<group>"; };
		9E6DFA021E37224800974A59 /* Gotham-BlackItalic.otf */ = {isa = PBXFileReference; lastKnownFileType = file; name = "Gotham-BlackItalic.otf"; path = "Font/Gotham-BlackItalic.otf"; sourceTree = "<group>"; };
		9E6DFA031E37224800974A59 /* Gotham-BlackItalic.ttf */ = {isa = PBXFileReference; lastKnownFileType = file; name = "Gotham-BlackItalic.ttf"; path = "Font/Gotham-BlackItalic.ttf"; sourceTree = "<group>"; };
		9E6DFA041E37224800974A59 /* Gotham-Bold.otf */ = {isa = PBXFileReference; lastKnownFileType = file; name = "Gotham-Bold.otf"; path = "Font/Gotham-Bold.otf"; sourceTree = "<group>"; };
		9E6DFA051E37224800974A59 /* Gotham-Bold.ttf */ = {isa = PBXFileReference; lastKnownFileType = file; name = "Gotham-Bold.ttf"; path = "Font/Gotham-Bold.ttf"; sourceTree = "<group>"; };
		9E6DFA061E37224800974A59 /* Gotham-BoldItalic.otf */ = {isa = PBXFileReference; lastKnownFileType = file; name = "Gotham-BoldItalic.otf"; path = "Font/Gotham-BoldItalic.otf"; sourceTree = "<group>"; };
		9E6DFA071E37224800974A59 /* Gotham-BoldItalic.ttf */ = {isa = PBXFileReference; lastKnownFileType = file; name = "Gotham-BoldItalic.ttf"; path = "Font/Gotham-BoldItalic.ttf"; sourceTree = "<group>"; };
		9E6DFA081E37224800974A59 /* Gotham-Book.otf */ = {isa = PBXFileReference; lastKnownFileType = file; name = "Gotham-Book.otf"; path = "Font/Gotham-Book.otf"; sourceTree = "<group>"; };
		9E6DFA091E37224800974A59 /* Gotham-Book.ttf */ = {isa = PBXFileReference; lastKnownFileType = file; name = "Gotham-Book.ttf"; path = "Font/Gotham-Book.ttf"; sourceTree = "<group>"; };
		9E6DFA0A1E37224800974A59 /* Gotham-BookItalic.otf */ = {isa = PBXFileReference; lastKnownFileType = file; name = "Gotham-BookItalic.otf"; path = "Font/Gotham-BookItalic.otf"; sourceTree = "<group>"; };
		9E6DFA0B1E37224800974A59 /* Gotham-BookItalic.ttf */ = {isa = PBXFileReference; lastKnownFileType = file; name = "Gotham-BookItalic.ttf"; path = "Font/Gotham-BookItalic.ttf"; sourceTree = "<group>"; };
		9E6DFA0C1E37224800974A59 /* Gotham-Light.otf */ = {isa = PBXFileReference; lastKnownFileType = file; name = "Gotham-Light.otf"; path = "Font/Gotham-Light.otf"; sourceTree = "<group>"; };
		9E6DFA0D1E37224800974A59 /* Gotham-Light.ttf */ = {isa = PBXFileReference; lastKnownFileType = file; name = "Gotham-Light.ttf"; path = "Font/Gotham-Light.ttf"; sourceTree = "<group>"; };
		9E6DFA0E1E37224800974A59 /* Gotham-LightItalic.otf */ = {isa = PBXFileReference; lastKnownFileType = file; name = "Gotham-LightItalic.otf"; path = "Font/Gotham-LightItalic.otf"; sourceTree = "<group>"; };
		9E6DFA0F1E37224800974A59 /* Gotham-LightItalic.ttf */ = {isa = PBXFileReference; lastKnownFileType = file; name = "Gotham-LightItalic.ttf"; path = "Font/Gotham-LightItalic.ttf"; sourceTree = "<group>"; };
		9E6DFA101E37224800974A59 /* Gotham-Medium.otf */ = {isa = PBXFileReference; lastKnownFileType = file; name = "Gotham-Medium.otf"; path = "Font/Gotham-Medium.otf"; sourceTree = "<group>"; };
		9E6DFA111E37224800974A59 /* Gotham-Medium.ttf */ = {isa = PBXFileReference; lastKnownFileType = file; name = "Gotham-Medium.ttf"; path = "Font/Gotham-Medium.ttf"; sourceTree = "<group>"; };
		9E6DFA121E37224800974A59 /* Gotham-MediumItalic.otf */ = {isa = PBXFileReference; lastKnownFileType = file; name = "Gotham-MediumItalic.otf"; path = "Font/Gotham-MediumItalic.otf"; sourceTree = "<group>"; };
		9E6DFA131E37224800974A59 /* Gotham-MediumItalic.ttf */ = {isa = PBXFileReference; lastKnownFileType = file; name = "Gotham-MediumItalic.ttf"; path = "Font/Gotham-MediumItalic.ttf"; sourceTree = "<group>"; };
		9E6DFA141E37224800974A59 /* Gotham-MSN-NarrowBold.ttf */ = {isa = PBXFileReference; lastKnownFileType = file; name = "Gotham-MSN-NarrowBold.ttf"; path = "Font/Gotham-MSN-NarrowBold.ttf"; sourceTree = "<group>"; };
		9E6DFA151E37224800974A59 /* Gotham-MSN-NarrowBook.ttf */ = {isa = PBXFileReference; lastKnownFileType = file; name = "Gotham-MSN-NarrowBook.ttf"; path = "Font/Gotham-MSN-NarrowBook.ttf"; sourceTree = "<group>"; };
		9E6DFA161E37224800974A59 /* Gotham-Thin.otf */ = {isa = PBXFileReference; lastKnownFileType = file; name = "Gotham-Thin.otf"; path = "Font/Gotham-Thin.otf"; sourceTree = "<group>"; };
		9E6DFA171E37224800974A59 /* Gotham-Thin.ttf */ = {isa = PBXFileReference; lastKnownFileType = file; name = "Gotham-Thin.ttf"; path = "Font/Gotham-Thin.ttf"; sourceTree = "<group>"; };
		9E6DFA181E37224800974A59 /* Gotham-ThinItalic.otf */ = {isa = PBXFileReference; lastKnownFileType = file; name = "Gotham-ThinItalic.otf"; path = "Font/Gotham-ThinItalic.otf"; sourceTree = "<group>"; };
		9E6DFA191E37224800974A59 /* Gotham-ThinItalic.ttf */ = {isa = PBXFileReference; lastKnownFileType = file; name = "Gotham-ThinItalic.ttf"; path = "Font/Gotham-ThinItalic.ttf"; sourceTree = "<group>"; };
		9E6DFA3D1E372A8F00974A59 /* PostDetailTableViewController.swift */ = {isa = PBXFileReference; fileEncoding = 4; lastKnownFileType = sourcecode.swift; path = PostDetailTableViewController.swift; sourceTree = "<group>"; };
		9E6DFA411E372C0600974A59 /* PostTableViewCell.swift */ = {isa = PBXFileReference; fileEncoding = 4; lastKnownFileType = sourcecode.swift; path = PostTableViewCell.swift; sourceTree = "<group>"; };
		9E6DFA431E372FBB00974A59 /* ProfileTableViewCell.swift */ = {isa = PBXFileReference; fileEncoding = 4; lastKnownFileType = sourcecode.swift; path = ProfileTableViewCell.swift; sourceTree = "<group>"; };
		9E6DFA441E372FBB00974A59 /* ProfileTableViewCell.xib */ = {isa = PBXFileReference; fileEncoding = 4; lastKnownFileType = file.xib; path = ProfileTableViewCell.xib; sourceTree = "<group>"; };
		9EA6F1831E37C2E500461C12 /* ProfileViewController.swift */ = {isa = PBXFileReference; fileEncoding = 4; lastKnownFileType = sourcecode.swift; path = ProfileViewController.swift; sourceTree = "<group>"; };
		9EA6F1901E38537200461C12 /* PostViewController.swift */ = {isa = PBXFileReference; fileEncoding = 4; lastKnownFileType = sourcecode.swift; path = PostViewController.swift; sourceTree = "<group>"; };
		9EA6F1921E38761F00461C12 /* SegmentTableViewController.swift */ = {isa = PBXFileReference; fileEncoding = 4; lastKnownFileType = sourcecode.swift; path = SegmentTableViewController.swift; sourceTree = "<group>"; };
		9EA6F1941E387C8800461C12 /* NotificationTableViewController.swift */ = {isa = PBXFileReference; fileEncoding = 4; lastKnownFileType = sourcecode.swift; path = NotificationTableViewController.swift; sourceTree = "<group>"; };
		9EA6F1961E387CC400461C12 /* NotificationTableViewCell.swift */ = {isa = PBXFileReference; fileEncoding = 4; lastKnownFileType = sourcecode.swift; path = NotificationTableViewCell.swift; sourceTree = "<group>"; };
		9EA6F19E1E39804600461C12 /* ChatViewController.swift */ = {isa = PBXFileReference; fileEncoding = 4; lastKnownFileType = sourcecode.swift; path = ChatViewController.swift; sourceTree = "<group>"; };
		9EA6F1A01E39C1BD00461C12 /* CategoryTableViewController.swift */ = {isa = PBXFileReference; fileEncoding = 4; lastKnownFileType = sourcecode.swift; path = CategoryTableViewController.swift; sourceTree = "<group>"; };
		9EA6F1A31E39CEE600461C12 /* Item.swift */ = {isa = PBXFileReference; fileEncoding = 4; lastKnownFileType = sourcecode.swift; path = Item.swift; sourceTree = "<group>"; };
		9EA6F1A51E39CEF000461C12 /* User.swift */ = {isa = PBXFileReference; fileEncoding = 4; lastKnownFileType = sourcecode.swift; path = User.swift; sourceTree = "<group>"; };
		9EA6F1A71E39CF0100461C12 /* Message.swift */ = {isa = PBXFileReference; fileEncoding = 4; lastKnownFileType = sourcecode.swift; path = Message.swift; sourceTree = "<group>"; };
		9EA6F1A91E3A5F9700461C12 /* HistoryTableViewCell.swift */ = {isa = PBXFileReference; fileEncoding = 4; lastKnownFileType = sourcecode.swift; path = HistoryTableViewCell.swift; sourceTree = "<group>"; };
		9EA6F1AA1E3A5F9700461C12 /* HistoryTableViewCell.xib */ = {isa = PBXFileReference; fileEncoding = 4; lastKnownFileType = file.xib; path = HistoryTableViewCell.xib; sourceTree = "<group>"; };
		9EA6F1AD1E3A6B3800461C12 /* LargeCategoryTableViewCell.swift */ = {isa = PBXFileReference; fileEncoding = 4; lastKnownFileType = sourcecode.swift; path = LargeCategoryTableViewCell.swift; sourceTree = "<group>"; };
		9EA6F1AE1E3A6B3800461C12 /* LargeCategoryTableViewCell.xib */ = {isa = PBXFileReference; fileEncoding = 4; lastKnownFileType = file.xib; path = LargeCategoryTableViewCell.xib; sourceTree = "<group>"; };
		9EA6F1B11E3A7A7B00461C12 /* ServiceViewController.swift */ = {isa = PBXFileReference; fileEncoding = 4; lastKnownFileType = sourcecode.swift; path = ServiceViewController.swift; sourceTree = "<group>"; };
		9EA6F1B31E3AF3E100461C12 /* TransferViewController.swift */ = {isa = PBXFileReference; fileEncoding = 4; lastKnownFileType = sourcecode.swift; path = TransferViewController.swift; sourceTree = "<group>"; };
		9EA6F1B51E3B052E00461C12 /* TransferPostViewController.swift */ = {isa = PBXFileReference; fileEncoding = 4; lastKnownFileType = sourcecode.swift; path = TransferPostViewController.swift; sourceTree = "<group>"; };
		9EA6F1B71E3B121100461C12 /* HistoryTableViewController.swift */ = {isa = PBXFileReference; fileEncoding = 4; lastKnownFileType = sourcecode.swift; path = HistoryTableViewController.swift; sourceTree = "<group>"; };
		9EA6F1B91E3B18F000461C12 /* Test.xcassets */ = {isa = PBXFileReference; lastKnownFileType = folder.assetcatalog; path = Test.xcassets; sourceTree = "<group>"; };
		A128F898521FA6A0447E23AC /* Pods_TenderUITests.framework */ = {isa = PBXFileReference; explicitFileType = wrapper.framework; includeInIndex = 0; path = Pods_TenderUITests.framework; sourceTree = BUILT_PRODUCTS_DIR; };
		A2A649638C141D2BB5175BDC /* Pods-Tender.release.xcconfig */ = {isa = PBXFileReference; includeInIndex = 1; lastKnownFileType = text.xcconfig; name = "Pods-Tender.release.xcconfig"; path = "Pods/Target Support Files/Pods-Tender/Pods-Tender.release.xcconfig"; sourceTree = "<group>"; };
		B2D69130575A0D397A2C0C90 /* Pods-TenderTests.debug.xcconfig */ = {isa = PBXFileReference; includeInIndex = 1; lastKnownFileType = text.xcconfig; name = "Pods-TenderTests.debug.xcconfig"; path = "Pods/Target Support Files/Pods-TenderTests/Pods-TenderTests.debug.xcconfig"; sourceTree = "<group>"; };
		C769C1CB20FA5B54803820A9 /* Pods_TenderTests.framework */ = {isa = PBXFileReference; explicitFileType = wrapper.framework; includeInIndex = 0; path = Pods_TenderTests.framework; sourceTree = BUILT_PRODUCTS_DIR; };
/* End PBXFileReference section */

/* Begin PBXFrameworksBuildPhase section */
		9E6DF9B71E37208000974A59 /* Frameworks */ = {
			isa = PBXFrameworksBuildPhase;
			buildActionMask = 2147483647;
			files = (
				9E38DEDE4A227D3EE80CE57E /* Pods_Tender.framework in Frameworks */,
			);
			runOnlyForDeploymentPostprocessing = 0;
		};
		9E6DF9CD1E37208100974A59 /* Frameworks */ = {
			isa = PBXFrameworksBuildPhase;
			buildActionMask = 2147483647;
			files = (
				0CA9D3A4A762F46A7C106294 /* Pods_TenderTests.framework in Frameworks */,
			);
			runOnlyForDeploymentPostprocessing = 0;
		};
		9E6DF9D81E37208100974A59 /* Frameworks */ = {
			isa = PBXFrameworksBuildPhase;
			buildActionMask = 2147483647;
			files = (
				AFA20176EE00A0A76961440E /* Pods_TenderUITests.framework in Frameworks */,
			);
			runOnlyForDeploymentPostprocessing = 0;
		};
/* End PBXFrameworksBuildPhase section */

/* Begin PBXGroup section */
		068222971D4F6DB987AF783F /* Frameworks */ = {
			isa = PBXGroup;
			children = (
				3D033B0E5BF5AC3718312CBE /* Pods_Tender.framework */,
				C769C1CB20FA5B54803820A9 /* Pods_TenderTests.framework */,
				A128F898521FA6A0447E23AC /* Pods_TenderUITests.framework */,
			);
			name = Frameworks;
			sourceTree = "<group>";
		};
		56506ACEDCB98B6A8E4D33DA /* Pods */ = {
			isa = PBXGroup;
			children = (
				1B6EC2878CA2BF947E5D240A /* Pods-Tender.debug.xcconfig */,
				A2A649638C141D2BB5175BDC /* Pods-Tender.release.xcconfig */,
				B2D69130575A0D397A2C0C90 /* Pods-TenderTests.debug.xcconfig */,
				7DB2DF004F54A67E725CE762 /* Pods-TenderTests.release.xcconfig */,
				38DC114502BD1D65651CBF93 /* Pods-TenderUITests.debug.xcconfig */,
				0CC38E1FEB1AE97EBF140A78 /* Pods-TenderUITests.release.xcconfig */,
			);
			name = Pods;
			sourceTree = "<group>";
		};
		9E6DF9B11E37208000974A59 = {
			isa = PBXGroup;
			children = (
				9E6DF9BC1E37208100974A59 /* Tender */,
				9E6DF9D31E37208100974A59 /* TenderTests */,
				9E6DF9DE1E37208100974A59 /* TenderUITests */,
				9E6DF9BB1E37208100974A59 /* Products */,
				56506ACEDCB98B6A8E4D33DA /* Pods */,
				068222971D4F6DB987AF783F /* Frameworks */,
			);
			sourceTree = "<group>";
		};
		9E6DF9BB1E37208100974A59 /* Products */ = {
			isa = PBXGroup;
			children = (
				9E6DF9BA1E37208100974A59 /* Tender.app */,
				9E6DF9D01E37208100974A59 /* TenderTests.xctest */,
				9E6DF9DB1E37208100974A59 /* TenderUITests.xctest */,
			);
			name = Products;
			sourceTree = "<group>";
		};
		9E6DF9BC1E37208100974A59 /* Tender */ = {
			isa = PBXGroup;
			children = (
				9EA6F1A21E39CEC600461C12 /* Data */,
				9E6DFA1A1E37224B00974A59 /* Resources */,
				9E6DF9F51E37210B00974A59 /* Cells */,
				9E6DF9EE1E3720AE00974A59 /* Controllers */,
				9E6DF9BD1E37208100974A59 /* AppDelegate.swift */,
				9E6DF9C31E37208100974A59 /* Main.storyboard */,
				9E6DF9C61E37208100974A59 /* Assets.xcassets */,
				9E6DF9C81E37208100974A59 /* LaunchScreen.storyboard */,
				9E6DF9CB1E37208100974A59 /* Info.plist */,
				9EA6F1B91E3B18F000461C12 /* Test.xcassets */,
			);
			path = Tender;
			sourceTree = "<group>";
		};
		9E6DF9D31E37208100974A59 /* TenderTests */ = {
			isa = PBXGroup;
			children = (
				9E6DF9D41E37208100974A59 /* TenderTests.swift */,
				9E6DF9D61E37208100974A59 /* Info.plist */,
			);
			path = TenderTests;
			sourceTree = "<group>";
		};
		9E6DF9DE1E37208100974A59 /* TenderUITests */ = {
			isa = PBXGroup;
			children = (
				9E6DF9DF1E37208100974A59 /* TenderUITests.swift */,
				9E6DF9E11E37208100974A59 /* Info.plist */,
			);
			path = TenderUITests;
			sourceTree = "<group>";
		};
		9E6DF9EE1E3720AE00974A59 /* Controllers */ = {
			isa = PBXGroup;
			children = (
				9E6DF9F31E37210300974A59 /* HomeTableViewController.swift */,
				9E6DFA3D1E372A8F00974A59 /* PostDetailTableViewController.swift */,
				9EA6F1831E37C2E500461C12 /* ProfileViewController.swift */,
				9EA6F1901E38537200461C12 /* PostViewController.swift */,
				9EA6F1921E38761F00461C12 /* SegmentTableViewController.swift */,
				9EA6F1941E387C8800461C12 /* NotificationTableViewController.swift */,
				9EA6F19E1E39804600461C12 /* ChatViewController.swift */,
				9EA6F1A01E39C1BD00461C12 /* CategoryTableViewController.swift */,
				9EA6F1B11E3A7A7B00461C12 /* ServiceViewController.swift */,
				9EA6F1B31E3AF3E100461C12 /* TransferViewController.swift */,
				9EA6F1B51E3B052E00461C12 /* TransferPostViewController.swift */,
				9EA6F1B71E3B121100461C12 /* HistoryTableViewController.swift */,
			);
			name = Controllers;
			sourceTree = "<group>";
		};
		9E6DF9F51E37210B00974A59 /* Cells */ = {
			isa = PBXGroup;
			children = (
				9E6DF9F61E37212C00974A59 /* ItemTableViewCell.swift */,
				9E6DF9F71E37212C00974A59 /* ItemTableViewCell.xib */,
				9E6DF9FC1E37215900974A59 /* CategoryTableViewCell.swift */,
				9E6DF9FD1E37215900974A59 /* CategoryTableViewCell.xib */,
				9E6DFA411E372C0600974A59 /* PostTableViewCell.swift */,
				9E6DFA431E372FBB00974A59 /* ProfileTableViewCell.swift */,
				9E6DFA441E372FBB00974A59 /* ProfileTableViewCell.xib */,
				9EA6F1961E387CC400461C12 /* NotificationTableViewCell.swift */,
				9EA6F1A91E3A5F9700461C12 /* HistoryTableViewCell.swift */,
				9EA6F1AA1E3A5F9700461C12 /* HistoryTableViewCell.xib */,
				9EA6F1AD1E3A6B3800461C12 /* LargeCategoryTableViewCell.swift */,
				9EA6F1AE1E3A6B3800461C12 /* LargeCategoryTableViewCell.xib */,
			);
			name = Cells;
			sourceTree = "<group>";
		};
		9E6DFA1A1E37224B00974A59 /* Resources */ = {
			isa = PBXGroup;
			children = (
				9E6DFA001E37224800974A59 /* Gotham-Black.otf */,
				9E6DFA011E37224800974A59 /* Gotham-Black.ttf */,
				9E6DFA021E37224800974A59 /* Gotham-BlackItalic.otf */,
				9E6DFA031E37224800974A59 /* Gotham-BlackItalic.ttf */,
				9E6DFA041E37224800974A59 /* Gotham-Bold.otf */,
				9E6DFA051E37224800974A59 /* Gotham-Bold.ttf */,
				9E6DFA061E37224800974A59 /* Gotham-BoldItalic.otf */,
				9E6DFA071E37224800974A59 /* Gotham-BoldItalic.ttf */,
				9E6DFA081E37224800974A59 /* Gotham-Book.otf */,
				9E6DFA091E37224800974A59 /* Gotham-Book.ttf */,
				9E6DFA0A1E37224800974A59 /* Gotham-BookItalic.otf */,
				9E6DFA0B1E37224800974A59 /* Gotham-BookItalic.ttf */,
				9E6DFA0C1E37224800974A59 /* Gotham-Light.otf */,
				9E6DFA0D1E37224800974A59 /* Gotham-Light.ttf */,
				9E6DFA0E1E37224800974A59 /* Gotham-LightItalic.otf */,
				9E6DFA0F1E37224800974A59 /* Gotham-LightItalic.ttf */,
				9E6DFA101E37224800974A59 /* Gotham-Medium.otf */,
				9E6DFA111E37224800974A59 /* Gotham-Medium.ttf */,
				9E6DFA121E37224800974A59 /* Gotham-MediumItalic.otf */,
				9E6DFA131E37224800974A59 /* Gotham-MediumItalic.ttf */,
				9E6DFA141E37224800974A59 /* Gotham-MSN-NarrowBold.ttf */,
				9E6DFA151E37224800974A59 /* Gotham-MSN-NarrowBook.ttf */,
				9E6DFA161E37224800974A59 /* Gotham-Thin.otf */,
				9E6DFA171E37224800974A59 /* Gotham-Thin.ttf */,
				9E6DFA181E37224800974A59 /* Gotham-ThinItalic.otf */,
				9E6DFA191E37224800974A59 /* Gotham-ThinItalic.ttf */,
			);
			name = Resources;
			sourceTree = "<group>";
		};
		9EA6F1A21E39CEC600461C12 /* Data */ = {
			isa = PBXGroup;
			children = (
				9EA6F1A31E39CEE600461C12 /* Item.swift */,
				9EA6F1A51E39CEF000461C12 /* User.swift */,
				9EA6F1A71E39CF0100461C12 /* Message.swift */,
			);
			name = Data;
			sourceTree = "<group>";
		};
/* End PBXGroup section */

/* Begin PBXNativeTarget section */
		9E6DF9B91E37208000974A59 /* Tender */ = {
			isa = PBXNativeTarget;
			buildConfigurationList = 9E6DF9E41E37208100974A59 /* Build configuration list for PBXNativeTarget "Tender" */;
			buildPhases = (
				AA06421EDD145F0D0C71B8FB /* [CP] Check Pods Manifest.lock */,
				9E6DF9B61E37208000974A59 /* Sources */,
				9E6DF9B71E37208000974A59 /* Frameworks */,
				9E6DF9B81E37208000974A59 /* Resources */,
				846843CF83A4DBCB160B369A /* [CP] Embed Pods Frameworks */,
				6D199BABB1E637E583AD7670 /* [CP] Copy Pods Resources */,
			);
			buildRules = (
			);
			dependencies = (
			);
			name = Tender;
			productName = Tender;
			productReference = 9E6DF9BA1E37208100974A59 /* Tender.app */;
			productType = "com.apple.product-type.application";
		};
		9E6DF9CF1E37208100974A59 /* TenderTests */ = {
			isa = PBXNativeTarget;
			buildConfigurationList = 9E6DF9E71E37208100974A59 /* Build configuration list for PBXNativeTarget "TenderTests" */;
			buildPhases = (
				C06BD9A0486F1F1134CC9B21 /* [CP] Check Pods Manifest.lock */,
				9E6DF9CC1E37208100974A59 /* Sources */,
				9E6DF9CD1E37208100974A59 /* Frameworks */,
				9E6DF9CE1E37208100974A59 /* Resources */,
				42CC7FC2A43BDC1DE206AD4A /* [CP] Embed Pods Frameworks */,
				A3B2482611EBB2E1976E14B4 /* [CP] Copy Pods Resources */,
			);
			buildRules = (
			);
			dependencies = (
				9E6DF9D21E37208100974A59 /* PBXTargetDependency */,
			);
			name = TenderTests;
			productName = TenderTests;
			productReference = 9E6DF9D01E37208100974A59 /* TenderTests.xctest */;
			productType = "com.apple.product-type.bundle.unit-test";
		};
		9E6DF9DA1E37208100974A59 /* TenderUITests */ = {
			isa = PBXNativeTarget;
			buildConfigurationList = 9E6DF9EA1E37208100974A59 /* Build configuration list for PBXNativeTarget "TenderUITests" */;
			buildPhases = (
				1D3CFFCA33A278EF9C431CAD /* [CP] Check Pods Manifest.lock */,
				9E6DF9D71E37208100974A59 /* Sources */,
				9E6DF9D81E37208100974A59 /* Frameworks */,
				9E6DF9D91E37208100974A59 /* Resources */,
				5A077A7C39A43697A31030F5 /* [CP] Embed Pods Frameworks */,
				1B995E44F2C7F6F0656EC987 /* [CP] Copy Pods Resources */,
			);
			buildRules = (
			);
			dependencies = (
				9E6DF9DD1E37208100974A59 /* PBXTargetDependency */,
			);
			name = TenderUITests;
			productName = TenderUITests;
			productReference = 9E6DF9DB1E37208100974A59 /* TenderUITests.xctest */;
			productType = "com.apple.product-type.bundle.ui-testing";
		};
/* End PBXNativeTarget section */

/* Begin PBXProject section */
		9E6DF9B21E37208000974A59 /* Project object */ = {
			isa = PBXProject;
			attributes = {
				LastSwiftUpdateCheck = 0820;
				LastUpgradeCheck = 0820;
				ORGANIZATIONNAME = "Tender llc.";
				TargetAttributes = {
					9E6DF9B91E37208000974A59 = {
						CreatedOnToolsVersion = 8.2.1;
						DevelopmentTeam = B28P9MRX7G;
						ProvisioningStyle = Automatic;
					};
					9E6DF9CF1E37208100974A59 = {
						CreatedOnToolsVersion = 8.2.1;
						DevelopmentTeam = B28P9MRX7G;
						ProvisioningStyle = Automatic;
						TestTargetID = 9E6DF9B91E37208000974A59;
					};
					9E6DF9DA1E37208100974A59 = {
						CreatedOnToolsVersion = 8.2.1;
						DevelopmentTeam = B28P9MRX7G;
						ProvisioningStyle = Automatic;
						TestTargetID = 9E6DF9B91E37208000974A59;
					};
				};
			};
			buildConfigurationList = 9E6DF9B51E37208000974A59 /* Build configuration list for PBXProject "Tender" */;
			compatibilityVersion = "Xcode 3.2";
			developmentRegion = English;
			hasScannedForEncodings = 0;
			knownRegions = (
				en,
				Base,
			);
			mainGroup = 9E6DF9B11E37208000974A59;
			productRefGroup = 9E6DF9BB1E37208100974A59 /* Products */;
			projectDirPath = "";
			projectRoot = "";
			targets = (
				9E6DF9B91E37208000974A59 /* Tender */,
				9E6DF9CF1E37208100974A59 /* TenderTests */,
				9E6DF9DA1E37208100974A59 /* TenderUITests */,
			);
		};
/* End PBXProject section */

/* Begin PBXResourcesBuildPhase section */
		9E6DF9B81E37208000974A59 /* Resources */ = {
			isa = PBXResourcesBuildPhase;
			buildActionMask = 2147483647;
			files = (
				9E6DFA1B1E37227000974A59 /* Gotham-Black.otf in Resources */,
				9E6DFA1C1E37227000974A59 /* Gotham-Black.ttf in Resources */,
				9E6DFA1D1E37227000974A59 /* Gotham-BlackItalic.otf in Resources */,
				9E6DFA1E1E37227000974A59 /* Gotham-BlackItalic.ttf in Resources */,
				9E6DFA1F1E37227000974A59 /* Gotham-Bold.otf in Resources */,
				9EA6F1B01E3A6B3800461C12 /* LargeCategoryTableViewCell.xib in Resources */,
				9E6DFA201E37227000974A59 /* Gotham-Bold.ttf in Resources */,
				9E6DFA211E37227000974A59 /* Gotham-BoldItalic.otf in Resources */,
				9E6DFA221E37227000974A59 /* Gotham-BoldItalic.ttf in Resources */,
				9E6DFA231E37227000974A59 /* Gotham-Book.otf in Resources */,
				9E6DFA241E37227000974A59 /* Gotham-Book.ttf in Resources */,
				9E6DFA251E37227000974A59 /* Gotham-BookItalic.otf in Resources */,
				9EA6F1BA1E3B18F000461C12 /* Test.xcassets in Resources */,
				9E6DFA261E37227000974A59 /* Gotham-BookItalic.ttf in Resources */,
				9E6DFA271E37227000974A59 /* Gotham-Light.otf in Resources */,
				9EA6F1AC1E3A5F9700461C12 /* HistoryTableViewCell.xib in Resources */,
				9E6DFA281E37227000974A59 /* Gotham-Light.ttf in Resources */,
				9E6DFA291E37227000974A59 /* Gotham-LightItalic.otf in Resources */,
				9E6DFA2A1E37227000974A59 /* Gotham-LightItalic.ttf in Resources */,
				9E6DFA2B1E37227000974A59 /* Gotham-Medium.otf in Resources */,
				9E6DFA2C1E37227000974A59 /* Gotham-Medium.ttf in Resources */,
				9E6DFA2D1E37227000974A59 /* Gotham-MediumItalic.otf in Resources */,
				9E6DFA2E1E37227000974A59 /* Gotham-MediumItalic.ttf in Resources */,
				9E6DFA2F1E37227000974A59 /* Gotham-MSN-NarrowBold.ttf in Resources */,
				9E6DFA301E37227000974A59 /* Gotham-MSN-NarrowBook.ttf in Resources */,
				9E6DFA311E37227000974A59 /* Gotham-Thin.otf in Resources */,
				9E6DFA321E37227000974A59 /* Gotham-Thin.ttf in Resources */,
				9E6DFA331E37227000974A59 /* Gotham-ThinItalic.otf in Resources */,
				9E6DFA341E37227000974A59 /* Gotham-ThinItalic.ttf in Resources */,
				9E6DF9F91E37212C00974A59 /* ItemTableViewCell.xib in Resources */,
				9E6DF9FF1E37215900974A59 /* CategoryTableViewCell.xib in Resources */,
				9E6DF9CA1E37208100974A59 /* LaunchScreen.storyboard in Resources */,
				9E6DFA461E372FBB00974A59 /* ProfileTableViewCell.xib in Resources */,
				9E6DF9C71E37208100974A59 /* Assets.xcassets in Resources */,
				9E6DF9C51E37208100974A59 /* Main.storyboard in Resources */,
			);
			runOnlyForDeploymentPostprocessing = 0;
		};
		9E6DF9CE1E37208100974A59 /* Resources */ = {
			isa = PBXResourcesBuildPhase;
			buildActionMask = 2147483647;
			files = (
			);
			runOnlyForDeploymentPostprocessing = 0;
		};
		9E6DF9D91E37208100974A59 /* Resources */ = {
			isa = PBXResourcesBuildPhase;
			buildActionMask = 2147483647;
			files = (
			);
			runOnlyForDeploymentPostprocessing = 0;
		};
/* End PBXResourcesBuildPhase section */

/* Begin PBXShellScriptBuildPhase section */
		1B995E44F2C7F6F0656EC987 /* [CP] Copy Pods Resources */ = {
			isa = PBXShellScriptBuildPhase;
			buildActionMask = 2147483647;
			files = (
			);
			inputPaths = (
			);
			name = "[CP] Copy Pods Resources";
			outputPaths = (
			);
			runOnlyForDeploymentPostprocessing = 0;
			shellPath = /bin/sh;
			shellScript = "\"${SRCROOT}/Pods/Target Support Files/Pods-TenderUITests/Pods-TenderUITests-resources.sh\"\n";
			showEnvVarsInLog = 0;
		};
		1D3CFFCA33A278EF9C431CAD /* [CP] Check Pods Manifest.lock */ = {
			isa = PBXShellScriptBuildPhase;
			buildActionMask = 2147483647;
			files = (
			);
			inputPaths = (
			);
			name = "[CP] Check Pods Manifest.lock";
			outputPaths = (
			);
			runOnlyForDeploymentPostprocessing = 0;
			shellPath = /bin/sh;
			shellScript = "diff \"${PODS_ROOT}/../Podfile.lock\" \"${PODS_ROOT}/Manifest.lock\" > /dev/null\nif [ $? != 0 ] ; then\n    # print error to STDERR\n    echo \"error: The sandbox is not in sync with the Podfile.lock. Run 'pod install' or update your CocoaPods installation.\" >&2\n    exit 1\nfi\n";
			showEnvVarsInLog = 0;
		};
		42CC7FC2A43BDC1DE206AD4A /* [CP] Embed Pods Frameworks */ = {
			isa = PBXShellScriptBuildPhase;
			buildActionMask = 2147483647;
			files = (
			);
			inputPaths = (
			);
			name = "[CP] Embed Pods Frameworks";
			outputPaths = (
			);
			runOnlyForDeploymentPostprocessing = 0;
			shellPath = /bin/sh;
			shellScript = "\"${SRCROOT}/Pods/Target Support Files/Pods-TenderTests/Pods-TenderTests-frameworks.sh\"\n";
			showEnvVarsInLog = 0;
		};
		5A077A7C39A43697A31030F5 /* [CP] Embed Pods Frameworks */ = {
			isa = PBXShellScriptBuildPhase;
			buildActionMask = 2147483647;
			files = (
			);
			inputPaths = (
			);
			name = "[CP] Embed Pods Frameworks";
			outputPaths = (
			);
			runOnlyForDeploymentPostprocessing = 0;
			shellPath = /bin/sh;
			shellScript = "\"${SRCROOT}/Pods/Target Support Files/Pods-TenderUITests/Pods-TenderUITests-frameworks.sh\"\n";
			showEnvVarsInLog = 0;
		};
		6D199BABB1E637E583AD7670 /* [CP] Copy Pods Resources */ = {
			isa = PBXShellScriptBuildPhase;
			buildActionMask = 2147483647;
			files = (
			);
			inputPaths = (
			);
			name = "[CP] Copy Pods Resources";
			outputPaths = (
			);
			runOnlyForDeploymentPostprocessing = 0;
			shellPath = /bin/sh;
			shellScript = "\"${SRCROOT}/Pods/Target Support Files/Pods-Tender/Pods-Tender-resources.sh\"\n";
			showEnvVarsInLog = 0;
		};
		846843CF83A4DBCB160B369A /* [CP] Embed Pods Frameworks */ = {
			isa = PBXShellScriptBuildPhase;
			buildActionMask = 2147483647;
			files = (
			);
			inputPaths = (
			);
			name = "[CP] Embed Pods Frameworks";
			outputPaths = (
			);
			runOnlyForDeploymentPostprocessing = 0;
			shellPath = /bin/sh;
			shellScript = "\"${SRCROOT}/Pods/Target Support Files/Pods-Tender/Pods-Tender-frameworks.sh\"\n";
			showEnvVarsInLog = 0;
		};
		A3B2482611EBB2E1976E14B4 /* [CP] Copy Pods Resources */ = {
			isa = PBXShellScriptBuildPhase;
			buildActionMask = 2147483647;
			files = (
			);
			inputPaths = (
			);
			name = "[CP] Copy Pods Resources";
			outputPaths = (
			);
			runOnlyForDeploymentPostprocessing = 0;
			shellPath = /bin/sh;
			shellScript = "\"${SRCROOT}/Pods/Target Support Files/Pods-TenderTests/Pods-TenderTests-resources.sh\"\n";
			showEnvVarsInLog = 0;
		};
		AA06421EDD145F0D0C71B8FB /* [CP] Check Pods Manifest.lock */ = {
			isa = PBXShellScriptBuildPhase;
			buildActionMask = 2147483647;
			files = (
			);
			inputPaths = (
			);
			name = "[CP] Check Pods Manifest.lock";
			outputPaths = (
			);
			runOnlyForDeploymentPostprocessing = 0;
			shellPath = /bin/sh;
			shellScript = "diff \"${PODS_ROOT}/../Podfile.lock\" \"${PODS_ROOT}/Manifest.lock\" > /dev/null\nif [ $? != 0 ] ; then\n    # print error to STDERR\n    echo \"error: The sandbox is not in sync with the Podfile.lock. Run 'pod install' or update your CocoaPods installation.\" >&2\n    exit 1\nfi\n";
			showEnvVarsInLog = 0;
		};
		C06BD9A0486F1F1134CC9B21 /* [CP] Check Pods Manifest.lock */ = {
			isa = PBXShellScriptBuildPhase;
			buildActionMask = 2147483647;
			files = (
			);
			inputPaths = (
			);
			name = "[CP] Check Pods Manifest.lock";
			outputPaths = (
			);
			runOnlyForDeploymentPostprocessing = 0;
			shellPath = /bin/sh;
			shellScript = "diff \"${PODS_ROOT}/../Podfile.lock\" \"${PODS_ROOT}/Manifest.lock\" > /dev/null\nif [ $? != 0 ] ; then\n    # print error to STDERR\n    echo \"error: The sandbox is not in sync with the Podfile.lock. Run 'pod install' or update your CocoaPods installation.\" >&2\n    exit 1\nfi\n";
			showEnvVarsInLog = 0;
		};
/* End PBXShellScriptBuildPhase section */

/* Begin PBXSourcesBuildPhase section */
		9E6DF9B61E37208000974A59 /* Sources */ = {
			isa = PBXSourcesBuildPhase;
			buildActionMask = 2147483647;
			files = (
				9E6DF9F41E37210300974A59 /* HomeTableViewController.swift in Sources */,
				9EA6F1B41E3AF3E100461C12 /* TransferViewController.swift in Sources */,
				9E6DFA451E372FBB00974A59 /* ProfileTableViewCell.swift in Sources */,
				9EA6F1A41E39CEE600461C12 /* Item.swift in Sources */,
				9EA6F1981E387CC400461C12 /* NotificationTableViewCell.swift in Sources */,
				9EA6F1A11E39C1BD00461C12 /* CategoryTableViewController.swift in Sources */,
				9E6DF9F81E37212C00974A59 /* ItemTableViewCell.swift in Sources */,
				9EA6F1B21E3A7A7B00461C12 /* ServiceViewController.swift in Sources */,
				9E6DF9BE1E37208100974A59 /* AppDelegate.swift in Sources */,
				9EA6F1A81E39CF0100461C12 /* Message.swift in Sources */,
				9EA6F1B81E3B121100461C12 /* HistoryTableViewController.swift in Sources */,
				9EA6F1911E38537200461C12 /* PostViewController.swift in Sources */,
				9EA6F1841E37C2E500461C12 /* ProfileViewController.swift in Sources */,
				9EA6F1B61E3B052E00461C12 /* TransferPostViewController.swift in Sources */,
				9EA6F1951E387C8800461C12 /* NotificationTableViewController.swift in Sources */,
				9E6DFA3E1E372A8F00974A59 /* PostDetailTableViewController.swift in Sources */,
				9EA6F1931E38761F00461C12 /* SegmentTableViewController.swift in Sources */,
				9EA6F1AB1E3A5F9700461C12 /* HistoryTableViewCell.swift in Sources */,
				9E6DF9FE1E37215900974A59 /* CategoryTableViewCell.swift in Sources */,
				9EA6F1A61E39CEF000461C12 /* User.swift in Sources */,
				9EA6F1AF1E3A6B3800461C12 /* LargeCategoryTableViewCell.swift in Sources */,
				9EA6F19F1E39804600461C12 /* ChatViewController.swift in Sources */,
				9E6DFA421E372C0600974A59 /* PostTableViewCell.swift in Sources */,
			);
			runOnlyForDeploymentPostprocessing = 0;
		};
		9E6DF9CC1E37208100974A59 /* Sources */ = {
			isa = PBXSourcesBuildPhase;
			buildActionMask = 2147483647;
			files = (
				9E6DF9D51E37208100974A59 /* TenderTests.swift in Sources */,
			);
			runOnlyForDeploymentPostprocessing = 0;
		};
		9E6DF9D71E37208100974A59 /* Sources */ = {
			isa = PBXSourcesBuildPhase;
			buildActionMask = 2147483647;
			files = (
				9E6DF9E01E37208100974A59 /* TenderUITests.swift in Sources */,
			);
			runOnlyForDeploymentPostprocessing = 0;
		};
/* End PBXSourcesBuildPhase section */

/* Begin PBXTargetDependency section */
		9E6DF9D21E37208100974A59 /* PBXTargetDependency */ = {
			isa = PBXTargetDependency;
			target = 9E6DF9B91E37208000974A59 /* Tender */;
			targetProxy = 9E6DF9D11E37208100974A59 /* PBXContainerItemProxy */;
		};
		9E6DF9DD1E37208100974A59 /* PBXTargetDependency */ = {
			isa = PBXTargetDependency;
			target = 9E6DF9B91E37208000974A59 /* Tender */;
			targetProxy = 9E6DF9DC1E37208100974A59 /* PBXContainerItemProxy */;
		};
/* End PBXTargetDependency section */

/* Begin PBXVariantGroup section */
		9E6DF9C31E37208100974A59 /* Main.storyboard */ = {
			isa = PBXVariantGroup;
			children = (
				9E6DF9C41E37208100974A59 /* Base */,
			);
			name = Main.storyboard;
			sourceTree = "<group>";
		};
		9E6DF9C81E37208100974A59 /* LaunchScreen.storyboard */ = {
			isa = PBXVariantGroup;
			children = (
				9E6DF9C91E37208100974A59 /* Base */,
			);
			name = LaunchScreen.storyboard;
			sourceTree = "<group>";
		};
/* End PBXVariantGroup section */

/* Begin XCBuildConfiguration section */
		9E6DF9E21E37208100974A59 /* Debug */ = {
			isa = XCBuildConfiguration;
			buildSettings = {
				ALWAYS_SEARCH_USER_PATHS = NO;
				CLANG_ANALYZER_NONNULL = YES;
				CLANG_CXX_LANGUAGE_STANDARD = "gnu++0x";
				CLANG_CXX_LIBRARY = "libc++";
				CLANG_ENABLE_MODULES = YES;
				CLANG_ENABLE_OBJC_ARC = YES;
				CLANG_WARN_BOOL_CONVERSION = YES;
				CLANG_WARN_CONSTANT_CONVERSION = YES;
				CLANG_WARN_DIRECT_OBJC_ISA_USAGE = YES_ERROR;
				CLANG_WARN_DOCUMENTATION_COMMENTS = YES;
				CLANG_WARN_EMPTY_BODY = YES;
				CLANG_WARN_ENUM_CONVERSION = YES;
				CLANG_WARN_INFINITE_RECURSION = YES;
				CLANG_WARN_INT_CONVERSION = YES;
				CLANG_WARN_OBJC_ROOT_CLASS = YES_ERROR;
				CLANG_WARN_SUSPICIOUS_MOVE = YES;
				CLANG_WARN_UNREACHABLE_CODE = YES;
				CLANG_WARN__DUPLICATE_METHOD_MATCH = YES;
				"CODE_SIGN_IDENTITY[sdk=iphoneos*]" = "iPhone Developer";
				COPY_PHASE_STRIP = NO;
				DEBUG_INFORMATION_FORMAT = dwarf;
				ENABLE_STRICT_OBJC_MSGSEND = YES;
				ENABLE_TESTABILITY = YES;
				GCC_C_LANGUAGE_STANDARD = gnu99;
				GCC_DYNAMIC_NO_PIC = NO;
				GCC_NO_COMMON_BLOCKS = YES;
				GCC_OPTIMIZATION_LEVEL = 0;
				GCC_PREPROCESSOR_DEFINITIONS = (
					"DEBUG=1",
					"$(inherited)",
				);
				GCC_WARN_64_TO_32_BIT_CONVERSION = YES;
				GCC_WARN_ABOUT_RETURN_TYPE = YES_ERROR;
				GCC_WARN_UNDECLARED_SELECTOR = YES;
				GCC_WARN_UNINITIALIZED_AUTOS = YES_AGGRESSIVE;
				GCC_WARN_UNUSED_FUNCTION = YES;
				GCC_WARN_UNUSED_VARIABLE = YES;
				IPHONEOS_DEPLOYMENT_TARGET = 10.2;
				MTL_ENABLE_DEBUG_INFO = YES;
				ONLY_ACTIVE_ARCH = YES;
				SDKROOT = iphoneos;
				SWIFT_ACTIVE_COMPILATION_CONDITIONS = DEBUG;
				SWIFT_OPTIMIZATION_LEVEL = "-Onone";
			};
			name = Debug;
		};
		9E6DF9E31E37208100974A59 /* Release */ = {
			isa = XCBuildConfiguration;
			buildSettings = {
				ALWAYS_SEARCH_USER_PATHS = NO;
				CLANG_ANALYZER_NONNULL = YES;
				CLANG_CXX_LANGUAGE_STANDARD = "gnu++0x";
				CLANG_CXX_LIBRARY = "libc++";
				CLANG_ENABLE_MODULES = YES;
				CLANG_ENABLE_OBJC_ARC = YES;
				CLANG_WARN_BOOL_CONVERSION = YES;
				CLANG_WARN_CONSTANT_CONVERSION = YES;
				CLANG_WARN_DIRECT_OBJC_ISA_USAGE = YES_ERROR;
				CLANG_WARN_DOCUMENTATION_COMMENTS = YES;
				CLANG_WARN_EMPTY_BODY = YES;
				CLANG_WARN_ENUM_CONVERSION = YES;
				CLANG_WARN_INFINITE_RECURSION = YES;
				CLANG_WARN_INT_CONVERSION = YES;
				CLANG_WARN_OBJC_ROOT_CLASS = YES_ERROR;
				CLANG_WARN_SUSPICIOUS_MOVE = YES;
				CLANG_WARN_UNREACHABLE_CODE = YES;
				CLANG_WARN__DUPLICATE_METHOD_MATCH = YES;
				"CODE_SIGN_IDENTITY[sdk=iphoneos*]" = "iPhone Developer";
				COPY_PHASE_STRIP = NO;
				DEBUG_INFORMATION_FORMAT = "dwarf-with-dsym";
				ENABLE_NS_ASSERTIONS = NO;
				ENABLE_STRICT_OBJC_MSGSEND = YES;
				GCC_C_LANGUAGE_STANDARD = gnu99;
				GCC_NO_COMMON_BLOCKS = YES;
				GCC_WARN_64_TO_32_BIT_CONVERSION = YES;
				GCC_WARN_ABOUT_RETURN_TYPE = YES_ERROR;
				GCC_WARN_UNDECLARED_SELECTOR = YES;
				GCC_WARN_UNINITIALIZED_AUTOS = YES_AGGRESSIVE;
				GCC_WARN_UNUSED_FUNCTION = YES;
				GCC_WARN_UNUSED_VARIABLE = YES;
				IPHONEOS_DEPLOYMENT_TARGET = 10.2;
				MTL_ENABLE_DEBUG_INFO = NO;
				SDKROOT = iphoneos;
				SWIFT_OPTIMIZATION_LEVEL = "-Owholemodule";
				VALIDATE_PRODUCT = YES;
			};
			name = Release;
		};
		9E6DF9E51E37208100974A59 /* Debug */ = {
			isa = XCBuildConfiguration;
			baseConfigurationReference = 1B6EC2878CA2BF947E5D240A /* Pods-Tender.debug.xcconfig */;
			buildSettings = {
				ASSETCATALOG_COMPILER_APPICON_NAME = AppIcon;
				DEVELOPMENT_TEAM = B28P9MRX7G;
				INFOPLIST_FILE = Tender/Info.plist;
				LD_RUNPATH_SEARCH_PATHS = "$(inherited) @executable_path/Frameworks";
				PRODUCT_BUNDLE_IDENTIFIER = com.tender.tenderApp.Tender;
				PRODUCT_NAME = "$(TARGET_NAME)";
				SWIFT_VERSION = 3.0;
			};
			name = Debug;
		};
		9E6DF9E61E37208100974A59 /* Release */ = {
			isa = XCBuildConfiguration;
			baseConfigurationReference = A2A649638C141D2BB5175BDC /* Pods-Tender.release.xcconfig */;
			buildSettings = {
				ASSETCATALOG_COMPILER_APPICON_NAME = AppIcon;
				DEVELOPMENT_TEAM = B28P9MRX7G;
				INFOPLIST_FILE = Tender/Info.plist;
				LD_RUNPATH_SEARCH_PATHS = "$(inherited) @executable_path/Frameworks";
				PRODUCT_BUNDLE_IDENTIFIER = com.tender.tenderApp.Tender;
				PRODUCT_NAME = "$(TARGET_NAME)";
				SWIFT_VERSION = 3.0;
			};
			name = Release;
		};
		9E6DF9E81E37208100974A59 /* Debug */ = {
			isa = XCBuildConfiguration;
			baseConfigurationReference = B2D69130575A0D397A2C0C90 /* Pods-TenderTests.debug.xcconfig */;
			buildSettings = {
				ALWAYS_EMBED_SWIFT_STANDARD_LIBRARIES = YES;
				BUNDLE_LOADER = "$(TEST_HOST)";
				DEVELOPMENT_TEAM = B28P9MRX7G;
				INFOPLIST_FILE = TenderTests/Info.plist;
				LD_RUNPATH_SEARCH_PATHS = "$(inherited) @executable_path/Frameworks @loader_path/Frameworks";
				PRODUCT_BUNDLE_IDENTIFIER = com.tender.tenderApp.TenderTests;
				PRODUCT_NAME = "$(TARGET_NAME)";
				SWIFT_VERSION = 3.0;
				TEST_HOST = "$(BUILT_PRODUCTS_DIR)/Tender.app/Tender";
			};
			name = Debug;
		};
		9E6DF9E91E37208100974A59 /* Release */ = {
			isa = XCBuildConfiguration;
			baseConfigurationReference = 7DB2DF004F54A67E725CE762 /* Pods-TenderTests.release.xcconfig */;
			buildSettings = {
				ALWAYS_EMBED_SWIFT_STANDARD_LIBRARIES = YES;
				BUNDLE_LOADER = "$(TEST_HOST)";
				DEVELOPMENT_TEAM = B28P9MRX7G;
				INFOPLIST_FILE = TenderTests/Info.plist;
				LD_RUNPATH_SEARCH_PATHS = "$(inherited) @executable_path/Frameworks @loader_path/Frameworks";
				PRODUCT_BUNDLE_IDENTIFIER = com.tender.tenderApp.TenderTests;
				PRODUCT_NAME = "$(TARGET_NAME)";
				SWIFT_VERSION = 3.0;
				TEST_HOST = "$(BUILT_PRODUCTS_DIR)/Tender.app/Tender";
			};
			name = Release;
		};
		9E6DF9EB1E37208100974A59 /* Debug */ = {
			isa = XCBuildConfiguration;
			baseConfigurationReference = 38DC114502BD1D65651CBF93 /* Pods-TenderUITests.debug.xcconfig */;
			buildSettings = {
				ALWAYS_EMBED_SWIFT_STANDARD_LIBRARIES = YES;
				DEVELOPMENT_TEAM = B28P9MRX7G;
				INFOPLIST_FILE = TenderUITests/Info.plist;
				LD_RUNPATH_SEARCH_PATHS = "$(inherited) @executable_path/Frameworks @loader_path/Frameworks";
				PRODUCT_BUNDLE_IDENTIFIER = com.tender.tenderApp.TenderUITests;
				PRODUCT_NAME = "$(TARGET_NAME)";
				SWIFT_VERSION = 3.0;
				TEST_TARGET_NAME = Tender;
			};
			name = Debug;
		};
		9E6DF9EC1E37208100974A59 /* Release */ = {
			isa = XCBuildConfiguration;
			baseConfigurationReference = 0CC38E1FEB1AE97EBF140A78 /* Pods-TenderUITests.release.xcconfig */;
			buildSettings = {
				ALWAYS_EMBED_SWIFT_STANDARD_LIBRARIES = YES;
				DEVELOPMENT_TEAM = B28P9MRX7G;
				INFOPLIST_FILE = TenderUITests/Info.plist;
				LD_RUNPATH_SEARCH_PATHS = "$(inherited) @executable_path/Frameworks @loader_path/Frameworks";
				PRODUCT_BUNDLE_IDENTIFIER = com.tender.tenderApp.TenderUITests;
				PRODUCT_NAME = "$(TARGET_NAME)";
				SWIFT_VERSION = 3.0;
				TEST_TARGET_NAME = Tender;
			};
			name = Release;
		};
/* End XCBuildConfiguration section */

/* Begin XCConfigurationList section */
		9E6DF9B51E37208000974A59 /* Build configuration list for PBXProject "Tender" */ = {
			isa = XCConfigurationList;
			buildConfigurations = (
				9E6DF9E21E37208100974A59 /* Debug */,
				9E6DF9E31E37208100974A59 /* Release */,
			);
			defaultConfigurationIsVisible = 0;
			defaultConfigurationName = Release;
		};
		9E6DF9E41E37208100974A59 /* Build configuration list for PBXNativeTarget "Tender" */ = {
			isa = XCConfigurationList;
			buildConfigurations = (
				9E6DF9E51E37208100974A59 /* Debug */,
				9E6DF9E61E37208100974A59 /* Release */,
			);
			defaultConfigurationIsVisible = 0;
			defaultConfigurationName = Release;
		};
		9E6DF9E71E37208100974A59 /* Build configuration list for PBXNativeTarget "TenderTests" */ = {
			isa = XCConfigurationList;
			buildConfigurations = (
				9E6DF9E81E37208100974A59 /* Debug */,
				9E6DF9E91E37208100974A59 /* Release */,
			);
			defaultConfigurationIsVisible = 0;
			defaultConfigurationName = Release;
		};
		9E6DF9EA1E37208100974A59 /* Build configuration list for PBXNativeTarget "TenderUITests" */ = {
			isa = XCConfigurationList;
			buildConfigurations = (
				9E6DF9EB1E37208100974A59 /* Debug */,
				9E6DF9EC1E37208100974A59 /* Release */,
			);
			defaultConfigurationIsVisible = 0;
			defaultConfigurationName = Release;
		};
/* End XCConfigurationList section */
	};
	rootObject = 9E6DF9B21E37208000974A59 /* Project object */;
}
